
Microsoft Visual Studio Solution File, Format Version 12.00
# Visual Studio 15
VisualStudioVersion = 15.0.28010.2046
MinimumVisualStudioVersion = 10.0.40219.1
Project("{FAE04EC0-301F-11D3-BF4B-00C04F79EFBC}") = "BetApplication", "BetApplication\BetApplication.csproj", "{4736875E-97F8-4AA3-8789-D2B6A5AC92BA}"
EndProject
Global
	GlobalSection(SolutionConfigurationPlatforms) = preSolution
		Debug|Any CPU = Debug|Any CPU
		Release|Any CPU = Release|Any CPU
	EndGlobalSection
	GlobalSection(ProjectConfigurationPlatforms) = postSolution
		{4736875E-97F8-4AA3-8789-D2B6A5AC92BA}.Debug|Any CPU.ActiveCfg = Debug|Any CPU
		{4736875E-97F8-4AA3-8789-D2B6A5AC92BA}.Debug|Any CPU.Build.0 = Debug|Any CPU
		{4736875E-97F8-4AA3-8789-D2B6A5AC92BA}.Release|Any CPU.ActiveCfg = Release|Any CPU
		{4736875E-97F8-4AA3-8789-D2B6A5AC92BA}.Release|Any CPU.Build.0 = Release|Any CPU
	EndGlobalSection
	GlobalSection(SolutionProperties) = preSolution
		HideSolutionNode = FALSE
	EndGlobalSection
	GlobalSection(ExtensibilityGlobals) = postSolution
		SolutionGuid = {29F7E2D8-A3AA-4215-A463-20F08FFBC812}
	EndGlobalSection
EndGlobal
